// !$*UTF8*$!
{
	archiveVersion = 1;
	classes = {
	};
	objectVersion = 46;
	objects = {

/* Begin PBXBuildFile section */
		A76E13001A6F46D40017C497 /* AppDelegate.swift in Sources */ = {isa = PBXBuildFile; fileRef = A76E12FF1A6F46D40017C497 /* AppDelegate.swift */; };
		A76E13031A6F46D40017C497 /* DatabaseTypeOnSwift.xcdatamodeld in Sources */ = {isa = PBXBuildFile; fileRef = A76E13011A6F46D40017C497 /* DatabaseTypeOnSwift.xcdatamodeld */; };
		A76E13051A6F46D40017C497 /* ViewController.swift in Sources */ = {isa = PBXBuildFile; fileRef = A76E13041A6F46D40017C497 /* ViewController.swift */; };
		A76E13081A6F46D40017C497 /* Main.storyboard in Resources */ = {isa = PBXBuildFile; fileRef = A76E13061A6F46D40017C497 /* Main.storyboard */; };
		A76E130A1A6F46D40017C497 /* Images.xcassets in Resources */ = {isa = PBXBuildFile; fileRef = A76E13091A6F46D40017C497 /* Images.xcassets */; };
		A76E130D1A6F46D40017C497 /* LaunchScreen.xib in Resources */ = {isa = PBXBuildFile; fileRef = A76E130B1A6F46D40017C497 /* LaunchScreen.xib */; };
		A76E13191A6F46D40017C497 /* DatabaseTypeOnSwiftTests.swift in Sources */ = {isa = PBXBuildFile; fileRef = A76E13181A6F46D40017C497 /* DatabaseTypeOnSwiftTests.swift */; };
		A7D3A26F1A70A4C400DF2373 /* Plist file.png in Resources */ = {isa = PBXBuildFile; fileRef = A7D3A26D1A70A4C400DF2373 /* Plist file.png */; };
		A7D3A2751A70A61600DF2373 /* XML file.png in Resources */ = {isa = PBXBuildFile; fileRef = A7D3A2711A70A61600DF2373 /* XML file.png */; };
		A7D3A2761A70A61600DF2373 /* Text file.png in Resources */ = {isa = PBXBuildFile; fileRef = A7D3A2721A70A61600DF2373 /* Text file.png */; };
		A7D3A2771A70A61600DF2373 /* SQLlite.png in Resources */ = {isa = PBXBuildFile; fileRef = A7D3A2731A70A61600DF2373 /* SQLlite.png */; };
		A7D3A2781A70A61600DF2373 /* CoreData.png in Resources */ = {isa = PBXBuildFile; fileRef = A7D3A2741A70A61600DF2373 /* CoreData.png */; };
		A7D3A27A1A70A68F00DF2373 /* NSUserdefault.png in Resources */ = {isa = PBXBuildFile; fileRef = A7D3A2791A70A68F00DF2373 /* NSUserdefault.png */; };
		A7D3A27E1A70A81800DF2373 /* ContactVC.swift in Sources */ = {isa = PBXBuildFile; fileRef = A7D3A27D1A70A81800DF2373 /* ContactVC.swift */; };
		A7D929661A70D88000AACA35 /* ContactObj.swift in Sources */ = {isa = PBXBuildFile; fileRef = A7D929651A70D88000AACA35 /* ContactObj.swift */; };
		A7D929681A70E96900AACA35 /* ContactDetail.swift in Sources */ = {isa = PBXBuildFile; fileRef = A7D929671A70E96900AACA35 /* ContactDetail.swift */; };
		A7D929A51A70EF1400AACA35 /* EmailValidation.swift in Sources */ = {isa = PBXBuildFile; fileRef = A7D929961A70EF1400AACA35 /* EmailValidation.swift */; };
		A7D929A61A70EF1400AACA35 /* FullNameValidation.swift in Sources */ = {isa = PBXBuildFile; fileRef = A7D929971A70EF1400AACA35 /* FullNameValidation.swift */; };
		A7D929A71A70EF1400AACA35 /* MaxLengthValidation.swift in Sources */ = {isa = PBXBuildFile; fileRef = A7D929981A70EF1400AACA35 /* MaxLengthValidation.swift */; };
		A7D929A81A70EF1400AACA35 /* MinLengthValidation.swift in Sources */ = {isa = PBXBuildFile; fileRef = A7D929991A70EF1400AACA35 /* MinLengthValidation.swift */; };
		A7D929A91A70EF1400AACA35 /* PasswordValidation.swift in Sources */ = {isa = PBXBuildFile; fileRef = A7D9299A1A70EF1400AACA35 /* PasswordValidation.swift */; };
		A7D929AA1A70EF1400AACA35 /* PhoneNumberValidation.swift in Sources */ = {isa = PBXBuildFile; fileRef = A7D9299B1A70EF1400AACA35 /* PhoneNumberValidation.swift */; };
		A7D929AB1A70EF1400AACA35 /* RequiredValidation.swift in Sources */ = {isa = PBXBuildFile; fileRef = A7D9299C1A70EF1400AACA35 /* RequiredValidation.swift */; };
		A7D929AC1A70EF1400AACA35 /* Validation.swift in Sources */ = {isa = PBXBuildFile; fileRef = A7D9299D1A70EF1400AACA35 /* Validation.swift */; };
		A7D929AD1A70EF1400AACA35 /* ValidationError.swift in Sources */ = {isa = PBXBuildFile; fileRef = A7D9299E1A70EF1400AACA35 /* ValidationError.swift */; };
		A7D929AE1A70EF1400AACA35 /* ValidationErrorType.swift in Sources */ = {isa = PBXBuildFile; fileRef = A7D9299F1A70EF1400AACA35 /* ValidationErrorType.swift */; };
		A7D929AF1A70EF1400AACA35 /* ValidationFactory.swift in Sources */ = {isa = PBXBuildFile; fileRef = A7D929A01A70EF1400AACA35 /* ValidationFactory.swift */; };
		A7D929B01A70EF1400AACA35 /* ValidationRule.swift in Sources */ = {isa = PBXBuildFile; fileRef = A7D929A11A70EF1400AACA35 /* ValidationRule.swift */; };
		A7D929B11A70EF1400AACA35 /* ValidationRuleType.swift in Sources */ = {isa = PBXBuildFile; fileRef = A7D929A21A70EF1400AACA35 /* ValidationRuleType.swift */; };
		A7D929B21A70EF1400AACA35 /* Validator.swift in Sources */ = {isa = PBXBuildFile; fileRef = A7D929A31A70EF1400AACA35 /* Validator.swift */; };
		A7D929B31A70EF1400AACA35 /* ZipCodeValidation.swift in Sources */ = {isa = PBXBuildFile; fileRef = A7D929A41A70EF1400AACA35 /* ZipCodeValidation.swift */; };
/* End PBXBuildFile section */

/* Begin PBXContainerItemProxy section */
		A76E13131A6F46D40017C497 /* PBXContainerItemProxy */ = {
			isa = PBXContainerItemProxy;
			containerPortal = A76E12F21A6F46D20017C497 /* Project object */;
			proxyType = 1;
			remoteGlobalIDString = A76E12F91A6F46D30017C497;
			remoteInfo = DatabaseTypeOnSwift;
		};
/* End PBXContainerItemProxy section */

/* Begin PBXFileReference section */
		A76E12FA1A6F46D30017C497 /* DatabaseTypeOnSwift.app */ = {isa = PBXFileReference; explicitFileType = wrapper.application; includeInIndex = 0; path = DatabaseTypeOnSwift.app; sourceTree = BUILT_PRODUCTS_DIR; };
		A76E12FE1A6F46D40017C497 /* Info.plist */ = {isa = PBXFileReference; lastKnownFileType = text.plist.xml; path = Info.plist; sourceTree = "<group>"; };
		A76E12FF1A6F46D40017C497 /* AppDelegate.swift */ = {isa = PBXFileReference; lastKnownFileType = sourcecode.swift; path = AppDelegate.swift; sourceTree = "<group>"; };
		A76E13021A6F46D40017C497 /* DatabaseTypeOnSwift.xcdatamodel */ = {isa = PBXFileReference; lastKnownFileType = wrapper.xcdatamodel; path = DatabaseTypeOnSwift.xcdatamodel; sourceTree = "<group>"; };
		A76E13041A6F46D40017C497 /* ViewController.swift */ = {isa = PBXFileReference; lastKnownFileType = sourcecode.swift; path = ViewController.swift; sourceTree = "<group>"; };
		A76E13071A6F46D40017C497 /* Base */ = {isa = PBXFileReference; lastKnownFileType = file.storyboard; name = Base; path = Base.lproj/Main.storyboard; sourceTree = "<group>"; };
		A76E13091A6F46D40017C497 /* Images.xcassets */ = {isa = PBXFileReference; lastKnownFileType = folder.assetcatalog; path = Images.xcassets; sourceTree = "<group>"; };
		A76E130C1A6F46D40017C497 /* Base */ = {isa = PBXFileReference; lastKnownFileType = file.xib; name = Base; path = Base.lproj/LaunchScreen.xib; sourceTree = "<group>"; };
		A76E13121A6F46D40017C497 /* DatabaseTypeOnSwiftTests.xctest */ = {isa = PBXFileReference; explicitFileType = wrapper.cfbundle; includeInIndex = 0; path = DatabaseTypeOnSwiftTests.xctest; sourceTree = BUILT_PRODUCTS_DIR; };
		A76E13171A6F46D40017C497 /* Info.plist */ = {isa = PBXFileReference; lastKnownFileType = text.plist.xml; path = Info.plist; sourceTree = "<group>"; };
		A76E13181A6F46D40017C497 /* DatabaseTypeOnSwiftTests.swift */ = {isa = PBXFileReference; lastKnownFileType = sourcecode.swift; path = DatabaseTypeOnSwiftTests.swift; sourceTree = "<group>"; };
		A7D3A26D1A70A4C400DF2373 /* Plist file.png */ = {isa = PBXFileReference; lastKnownFileType = image.png; path = "Plist file.png"; sourceTree = "<group>"; };
		A7D3A2711A70A61600DF2373 /* XML file.png */ = {isa = PBXFileReference; lastKnownFileType = image.png; path = "XML file.png"; sourceTree = "<group>"; };
		A7D3A2721A70A61600DF2373 /* Text file.png */ = {isa = PBXFileReference; lastKnownFileType = image.png; path = "Text file.png"; sourceTree = "<group>"; };
		A7D3A2731A70A61600DF2373 /* SQLlite.png */ = {isa = PBXFileReference; lastKnownFileType = image.png; path = SQLlite.png; sourceTree = "<group>"; };
		A7D3A2741A70A61600DF2373 /* CoreData.png */ = {isa = PBXFileReference; lastKnownFileType = image.png; path = CoreData.png; sourceTree = "<group>"; };
		A7D3A2791A70A68F00DF2373 /* NSUserdefault.png */ = {isa = PBXFileReference; lastKnownFileType = image.png; path = NSUserdefault.png; sourceTree = "<group>"; };
		A7D3A27D1A70A81800DF2373 /* ContactVC.swift */ = {isa = PBXFileReference; fileEncoding = 4; lastKnownFileType = sourcecode.swift; path = ContactVC.swift; sourceTree = "<group>"; };
		A7D929651A70D88000AACA35 /* ContactObj.swift */ = {isa = PBXFileReference; fileEncoding = 4; lastKnownFileType = sourcecode.swift; path = ContactObj.swift; sourceTree = "<group>"; };
		A7D929671A70E96900AACA35 /* ContactDetail.swift */ = {isa = PBXFileReference; fileEncoding = 4; lastKnownFileType = sourcecode.swift; path = ContactDetail.swift; sourceTree = "<group>"; };
		A7D929961A70EF1400AACA35 /* EmailValidation.swift */ = {isa = PBXFileReference; fileEncoding = 4; lastKnownFileType = sourcecode.swift; path = EmailValidation.swift; sourceTree = "<group>"; };
		A7D929971A70EF1400AACA35 /* FullNameValidation.swift */ = {isa = PBXFileReference; fileEncoding = 4; lastKnownFileType = sourcecode.swift; path = FullNameValidation.swift; sourceTree = "<group>"; };
		A7D929981A70EF1400AACA35 /* MaxLengthValidation.swift */ = {isa = PBXFileReference; fileEncoding = 4; lastKnownFileType = sourcecode.swift; path = MaxLengthValidation.swift; sourceTree = "<group>"; };
		A7D929991A70EF1400AACA35 /* MinLengthValidation.swift */ = {isa = PBXFileReference; fileEncoding = 4; lastKnownFileType = sourcecode.swift; path = MinLengthValidation.swift; sourceTree = "<group>"; };
		A7D9299A1A70EF1400AACA35 /* PasswordValidation.swift */ = {isa = PBXFileReference; fileEncoding = 4; lastKnownFileType = sourcecode.swift; path = PasswordValidation.swift; sourceTree = "<group>"; };
		A7D9299B1A70EF1400AACA35 /* PhoneNumberValidation.swift */ = {isa = PBXFileReference; fileEncoding = 4; lastKnownFileType = sourcecode.swift; path = PhoneNumberValidation.swift; sourceTree = "<group>"; };
		A7D9299C1A70EF1400AACA35 /* RequiredValidation.swift */ = {isa = PBXFileReference; fileEncoding = 4; lastKnownFileType = sourcecode.swift; path = RequiredValidation.swift; sourceTree = "<group>"; };
		A7D9299D1A70EF1400AACA35 /* Validation.swift */ = {isa = PBXFileReference; fileEncoding = 4; lastKnownFileType = sourcecode.swift; path = Validation.swift; sourceTree = "<group>"; };
		A7D9299E1A70EF1400AACA35 /* ValidationError.swift */ = {isa = PBXFileReference; fileEncoding = 4; lastKnownFileType = sourcecode.swift; path = ValidationError.swift; sourceTree = "<group>"; };
		A7D9299F1A70EF1400AACA35 /* ValidationErrorType.swift */ = {isa = PBXFileReference; fileEncoding = 4; lastKnownFileType = sourcecode.swift; path = ValidationErrorType.swift; sourceTree = "<group>"; };
		A7D929A01A70EF1400AACA35 /* ValidationFactory.swift */ = {isa = PBXFileReference; fileEncoding = 4; lastKnownFileType = sourcecode.swift; path = ValidationFactory.swift; sourceTree = "<group>"; };
		A7D929A11A70EF1400AACA35 /* ValidationRule.swift */ = {isa = PBXFileReference; fileEncoding = 4; lastKnownFileType = sourcecode.swift; path = ValidationRule.swift; sourceTree = "<group>"; };
		A7D929A21A70EF1400AACA35 /* ValidationRuleType.swift */ = {isa = PBXFileReference; fileEncoding = 4; lastKnownFileType = sourcecode.swift; path = ValidationRuleType.swift; sourceTree = "<group>"; };
		A7D929A31A70EF1400AACA35 /* Validator.swift */ = {isa = PBXFileReference; fileEncoding = 4; lastKnownFileType = sourcecode.swift; path = Validator.swift; sourceTree = "<group>"; };
		A7D929A41A70EF1400AACA35 /* ZipCodeValidation.swift */ = {isa = PBXFileReference; fileEncoding = 4; lastKnownFileType = sourcecode.swift; path = ZipCodeValidation.swift; sourceTree = "<group>"; };
/* End PBXFileReference section */

/* Begin PBXFrameworksBuildPhase section */
		A76E12F71A6F46D30017C497 /* Frameworks */ = {
			isa = PBXFrameworksBuildPhase;
			buildActionMask = 2147483647;
			files = (
			);
			runOnlyForDeploymentPostprocessing = 0;
		};
		A76E130F1A6F46D40017C497 /* Frameworks */ = {
			isa = PBXFrameworksBuildPhase;
			buildActionMask = 2147483647;
			files = (
			);
			runOnlyForDeploymentPostprocessing = 0;
		};
/* End PBXFrameworksBuildPhase section */

/* Begin PBXGroup section */
		A76E12F11A6F46D20017C497 = {
			isa = PBXGroup;
			children = (
				A76E12FC1A6F46D30017C497 /* DatabaseTypeOnSwift */,
				A76E13151A6F46D40017C497 /* DatabaseTypeOnSwiftTests */,
				A76E12FB1A6F46D30017C497 /* Products */,
			);
			sourceTree = "<group>";
		};
		A76E12FB1A6F46D30017C497 /* Products */ = {
			isa = PBXGroup;
			children = (
				A76E12FA1A6F46D30017C497 /* DatabaseTypeOnSwift.app */,
				A76E13121A6F46D40017C497 /* DatabaseTypeOnSwiftTests.xctest */,
			);
			name = Products;
			sourceTree = "<group>";
		};
		A76E12FC1A6F46D30017C497 /* DatabaseTypeOnSwift */ = {
			isa = PBXGroup;
			children = (
				A7D929671A70E96900AACA35 /* ContactDetail.swift */,
				A7D929651A70D88000AACA35 /* ContactObj.swift */,
				A7D3A27D1A70A81800DF2373 /* ContactVC.swift */,
				A76E12FF1A6F46D40017C497 /* AppDelegate.swift */,
				A76E13041A6F46D40017C497 /* ViewController.swift */,
				A76E13061A6F46D40017C497 /* Main.storyboard */,
				A76E13091A6F46D40017C497 /* Images.xcassets */,
				A76E130B1A6F46D40017C497 /* LaunchScreen.xib */,
				A76E13011A6F46D40017C497 /* DatabaseTypeOnSwift.xcdatamodeld */,
				A76E12FD1A6F46D40017C497 /* Supporting Files */,
			);
			path = DatabaseTypeOnSwift;
			sourceTree = "<group>";
		};
		A76E12FD1A6F46D40017C497 /* Supporting Files */ = {
			isa = PBXGroup;
			children = (
				A7D929961A70EF1400AACA35 /* EmailValidation.swift */,
				A7D929971A70EF1400AACA35 /* FullNameValidation.swift */,
				A7D929981A70EF1400AACA35 /* MaxLengthValidation.swift */,
				A7D929991A70EF1400AACA35 /* MinLengthValidation.swift */,
				A7D9299A1A70EF1400AACA35 /* PasswordValidation.swift */,
				A7D9299B1A70EF1400AACA35 /* PhoneNumberValidation.swift */,
				A7D9299C1A70EF1400AACA35 /* RequiredValidation.swift */,
				A7D9299D1A70EF1400AACA35 /* Validation.swift */,
				A7D9299E1A70EF1400AACA35 /* ValidationError.swift */,
				A7D9299F1A70EF1400AACA35 /* ValidationErrorType.swift */,
				A7D929A01A70EF1400AACA35 /* ValidationFactory.swift */,
				A7D929A11A70EF1400AACA35 /* ValidationRule.swift */,
				A7D929A21A70EF1400AACA35 /* ValidationRuleType.swift */,
				A7D929A31A70EF1400AACA35 /* Validator.swift */,
				A7D929A41A70EF1400AACA35 /* ZipCodeValidation.swift */,
				A76E13221A6F622B0017C497 /* Images */,
				A76E12FE1A6F46D40017C497 /* Info.plist */,
			);
			name = "Supporting Files";
			sourceTree = "<group>";
		};
		A76E13151A6F46D40017C497 /* DatabaseTypeOnSwiftTests */ = {
			isa = PBXGroup;
			children = (
				A76E13181A6F46D40017C497 /* DatabaseTypeOnSwiftTests.swift */,
				A76E13161A6F46D40017C497 /* Supporting Files */,
			);
			path = DatabaseTypeOnSwiftTests;
			sourceTree = "<group>";
		};
		A76E13161A6F46D40017C497 /* Supporting Files */ = {
			isa = PBXGroup;
			children = (
				A76E13171A6F46D40017C497 /* Info.plist */,
			);
			name = "Supporting Files";
			sourceTree = "<group>";
		};
		A76E13221A6F622B0017C497 /* Images */ = {
			isa = PBXGroup;
			children = (
				A7D3A2791A70A68F00DF2373 /* NSUserdefault.png */,
				A7D3A2711A70A61600DF2373 /* XML file.png */,
				A7D3A2721A70A61600DF2373 /* Text file.png */,
				A7D3A2731A70A61600DF2373 /* SQLlite.png */,
				A7D3A2741A70A61600DF2373 /* CoreData.png */,
				A7D3A26D1A70A4C400DF2373 /* Plist file.png */,
			);
			name = Images;
			sourceTree = "<group>";
		};
/* End PBXGroup section */

/* Begin PBXNativeTarget section */
		A76E12F91A6F46D30017C497 /* DatabaseTypeOnSwift */ = {
			isa = PBXNativeTarget;
			buildConfigurationList = A76E131C1A6F46D40017C497 /* Build configuration list for PBXNativeTarget "DatabaseTypeOnSwift" */;
			buildPhases = (
				A76E12F61A6F46D30017C497 /* Sources */,
				A76E12F71A6F46D30017C497 /* Frameworks */,
				A76E12F81A6F46D30017C497 /* Resources */,
			);
			buildRules = (
			);
			dependencies = (
			);
			name = DatabaseTypeOnSwift;
			productName = DatabaseTypeOnSwift;
			productReference = A76E12FA1A6F46D30017C497 /* DatabaseTypeOnSwift.app */;
			productType = "com.apple.product-type.application";
		};
		A76E13111A6F46D40017C497 /* DatabaseTypeOnSwiftTests */ = {
			isa = PBXNativeTarget;
			buildConfigurationList = A76E131F1A6F46D40017C497 /* Build configuration list for PBXNativeTarget "DatabaseTypeOnSwiftTests" */;
			buildPhases = (
				A76E130E1A6F46D40017C497 /* Sources */,
				A76E130F1A6F46D40017C497 /* Frameworks */,
				A76E13101A6F46D40017C497 /* Resources */,
			);
			buildRules = (
			);
			dependencies = (
				A76E13141A6F46D40017C497 /* PBXTargetDependency */,
			);
			name = DatabaseTypeOnSwiftTests;
			productName = DatabaseTypeOnSwiftTests;
			productReference = A76E13121A6F46D40017C497 /* DatabaseTypeOnSwiftTests.xctest */;
			productType = "com.apple.product-type.bundle.unit-test";
		};
/* End PBXNativeTarget section */

/* Begin PBXProject section */
		A76E12F21A6F46D20017C497 /* Project object */ = {
			isa = PBXProject;
			attributes = {
				LastUpgradeCheck = 0610;
				ORGANIZATIONNAME = Yosemite;
				TargetAttributes = {
					A76E12F91A6F46D30017C497 = {
						CreatedOnToolsVersion = 6.1.1;
					};
					A76E13111A6F46D40017C497 = {
						CreatedOnToolsVersion = 6.1.1;
						TestTargetID = A76E12F91A6F46D30017C497;
					};
				};
			};
			buildConfigurationList = A76E12F51A6F46D20017C497 /* Build configuration list for PBXProject "DatabaseTypeOnSwift" */;
			compatibilityVersion = "Xcode 3.2";
			developmentRegion = English;
			hasScannedForEncodings = 0;
			knownRegions = (
				en,
				Base,
			);
			mainGroup = A76E12F11A6F46D20017C497;
			productRefGroup = A76E12FB1A6F46D30017C497 /* Products */;
			projectDirPath = "";
			projectRoot = "";
			targets = (
				A76E12F91A6F46D30017C497 /* DatabaseTypeOnSwift */,
				A76E13111A6F46D40017C497 /* DatabaseTypeOnSwiftTests */,
			);
		};
/* End PBXProject section */

/* Begin PBXResourcesBuildPhase section */
		A76E12F81A6F46D30017C497 /* Resources */ = {
			isa = PBXResourcesBuildPhase;
			buildActionMask = 2147483647;
			files = (
				A7D3A2751A70A61600DF2373 /* XML file.png in Resources */,
				A76E13081A6F46D40017C497 /* Main.storyboard in Resources */,
				A7D3A2781A70A61600DF2373 /* CoreData.png in Resources */,
				A7D3A27A1A70A68F00DF2373 /* NSUserdefault.png in Resources */,
				A7D3A26F1A70A4C400DF2373 /* Plist file.png in Resources */,
				A76E130D1A6F46D40017C497 /* LaunchScreen.xib in Resources */,
				A7D3A2771A70A61600DF2373 /* SQLlite.png in Resources */,
				A7D3A2761A70A61600DF2373 /* Text file.png in Resources */,
				A76E130A1A6F46D40017C497 /* Images.xcassets in Resources */,
			);
			runOnlyForDeploymentPostprocessing = 0;
		};
		A76E13101A6F46D40017C497 /* Resources */ = {
			isa = PBXResourcesBuildPhase;
			buildActionMask = 2147483647;
			files = (
			);
			runOnlyForDeploymentPostprocessing = 0;
		};
/* End PBXResourcesBuildPhase section */

/* Begin PBXSourcesBuildPhase section */
		A76E12F61A6F46D30017C497 /* Sources */ = {
			isa = PBXSourcesBuildPhase;
			buildActionMask = 2147483647;
			files = (
				A7D929A71A70EF1400AACA35 /* MaxLengthValidation.swift in Sources */,
				A7D929AB1A70EF1400AACA35 /* RequiredValidation.swift in Sources */,
				A76E13051A6F46D40017C497 /* ViewController.swift in Sources */,
				A7D929A51A70EF1400AACA35 /* EmailValidation.swift in Sources */,
				A7D929A61A70EF1400AACA35 /* FullNameValidation.swift in Sources */,
				A7D929AA1A70EF1400AACA35 /* PhoneNumberValidation.swift in Sources */,
				A7D929B01A70EF1400AACA35 /* ValidationRule.swift in Sources */,
				A7D929AC1A70EF1400AACA35 /* Validation.swift in Sources */,
				A7D929AF1A70EF1400AACA35 /* ValidationFactory.swift in Sources */,
				A7D929681A70E96900AACA35 /* ContactDetail.swift in Sources */,
				A7D929A81A70EF1400AACA35 /* MinLengthValidation.swift in Sources */,
				A76E13031A6F46D40017C497 /* DatabaseTypeOnSwift.xcdatamodeld in Sources */,
				A7D929B21A70EF1400AACA35 /* Validator.swift in Sources */,
				A7D929A91A70EF1400AACA35 /* PasswordValidation.swift in Sources */,
				A7D929AE1A70EF1400AACA35 /* ValidationErrorType.swift in Sources */,
				A7D929AD1A70EF1400AACA35 /* ValidationError.swift in Sources */,
				A7D929B11A70EF1400AACA35 /* ValidationRuleType.swift in Sources */,
				A7D929661A70D88000AACA35 /* ContactObj.swift in Sources */,
				A76E13001A6F46D40017C497 /* AppDelegate.swift in Sources */,
				A7D929B31A70EF1400AACA35 /* ZipCodeValidation.swift in Sources */,
				A7D3A27E1A70A81800DF2373 /* ContactVC.swift in Sources */,
			);
			runOnlyForDeploymentPostprocessing = 0;
		};
		A76E130E1A6F46D40017C497 /* Sources */ = {
			isa = PBXSourcesBuildPhase;
			buildActionMask = 2147483647;
			files = (
				A76E13191A6F46D40017C497 /* DatabaseTypeOnSwiftTests.swift in Sources */,
			);
			runOnlyForDeploymentPostprocessing = 0;
		};
/* End PBXSourcesBuildPhase section */

/* Begin PBXTargetDependency section */
		A76E13141A6F46D40017C497 /* PBXTargetDependency */ = {
			isa = PBXTargetDependency;
			target = A76E12F91A6F46D30017C497 /* DatabaseTypeOnSwift */;
			targetProxy = A76E13131A6F46D40017C497 /* PBXContainerItemProxy */;
		};
/* End PBXTargetDependency section */

/* Begin PBXVariantGroup section */
		A76E13061A6F46D40017C497 /* Main.storyboard */ = {
			isa = PBXVariantGroup;
			children = (
				A76E13071A6F46D40017C497 /* Base */,
			);
			name = Main.storyboard;
			sourceTree = "<group>";
		};
		A76E130B1A6F46D40017C497 /* LaunchScreen.xib */ = {
			isa = PBXVariantGroup;
			children = (
				A76E130C1A6F46D40017C497 /* Base */,
			);
			name = LaunchScreen.xib;
			sourceTree = "<group>";
		};
/* End PBXVariantGroup section */

/* Begin XCBuildConfiguration section */
		A76E131A1A6F46D40017C497 /* Debug */ = {
			isa = XCBuildConfiguration;
			buildSettings = {
				ALWAYS_SEARCH_USER_PATHS = NO;
				CLANG_CXX_LANGUAGE_STANDARD = "gnu++0x";
				CLANG_CXX_LIBRARY = "libc++";
				CLANG_ENABLE_MODULES = YES;
				CLANG_ENABLE_OBJC_ARC = YES;
				CLANG_WARN_BOOL_CONVERSION = YES;
				CLANG_WARN_CONSTANT_CONVERSION = YES;
				CLANG_WARN_DIRECT_OBJC_ISA_USAGE = YES_ERROR;
				CLANG_WARN_EMPTY_BODY = YES;
				CLANG_WARN_ENUM_CONVERSION = YES;
				CLANG_WARN_INT_CONVERSION = YES;
				CLANG_WARN_OBJC_ROOT_CLASS = YES_ERROR;
				CLANG_WARN_UNREACHABLE_CODE = YES;
				CLANG_WARN__DUPLICATE_METHOD_MATCH = YES;
				"CODE_SIGN_IDENTITY[sdk=iphoneos*]" = "iPhone Developer";
				COPY_PHASE_STRIP = NO;
				ENABLE_STRICT_OBJC_MSGSEND = YES;
				GCC_C_LANGUAGE_STANDARD = gnu99;
				GCC_DYNAMIC_NO_PIC = NO;
				GCC_OPTIMIZATION_LEVEL = 0;
				GCC_PREPROCESSOR_DEFINITIONS = (
					"DEBUG=1",
					"$(inherited)",
				);
				GCC_SYMBOLS_PRIVATE_EXTERN = NO;
				GCC_WARN_64_TO_32_BIT_CONVERSION = YES;
				GCC_WARN_ABOUT_RETURN_TYPE = YES_ERROR;
				GCC_WARN_UNDECLARED_SELECTOR = YES;
				GCC_WARN_UNINITIALIZED_AUTOS = YES_AGGRESSIVE;
				GCC_WARN_UNUSED_FUNCTION = YES;
				GCC_WARN_UNUSED_VARIABLE = YES;
				IPHONEOS_DEPLOYMENT_TARGET = 8.1;
				MTL_ENABLE_DEBUG_INFO = YES;
				ONLY_ACTIVE_ARCH = YES;
				SDKROOT = iphoneos;
				SWIFT_OPTIMIZATION_LEVEL = "-Onone";
				TARGETED_DEVICE_FAMILY = "1,2";
			};
			name = Debug;
		};
		A76E131B1A6F46D40017C497 /* Release */ = {
			isa = XCBuildConfiguration;
			buildSettings = {
				ALWAYS_SEARCH_USER_PATHS = NO;
				CLANG_CXX_LANGUAGE_STANDARD = "gnu++0x";
				CLANG_CXX_LIBRARY = "libc++";
				CLANG_ENABLE_MODULES = YES;
				CLANG_ENABLE_OBJC_ARC = YES;
				CLANG_WARN_BOOL_CONVERSION = YES;
				CLANG_WARN_CONSTANT_CONVERSION = YES;
				CLANG_WARN_DIRECT_OBJC_ISA_USAGE = YES_ERROR;
				CLANG_WARN_EMPTY_BODY = YES;
				CLANG_WARN_ENUM_CONVERSION = YES;
				CLANG_WARN_INT_CONVERSION = YES;
				CLANG_WARN_OBJC_ROOT_CLASS = YES_ERROR;
				CLANG_WARN_UNREACHABLE_CODE = YES;
				CLANG_WARN__DUPLICATE_METHOD_MATCH = YES;
				"CODE_SIGN_IDENTITY[sdk=iphoneos*]" = "iPhone Developer";
				COPY_PHASE_STRIP = YES;
				ENABLE_NS_ASSERTIONS = NO;
				ENABLE_STRICT_OBJC_MSGSEND = YES;
				GCC_C_LANGUAGE_STANDARD = gnu99;
				GCC_WARN_64_TO_32_BIT_CONVERSION = YES;
				GCC_WARN_ABOUT_RETURN_TYPE = YES_ERROR;
				GCC_WARN_UNDECLARED_SELECTOR = YES;
				GCC_WARN_UNINITIALIZED_AUTOS = YES_AGGRESSIVE;
				GCC_WARN_UNUSED_FUNCTION = YES;
				GCC_WARN_UNUSED_VARIABLE = YES;
				IPHONEOS_DEPLOYMENT_TARGET = 8.1;
				MTL_ENABLE_DEBUG_INFO = NO;
				SDKROOT = iphoneos;
				TARGETED_DEVICE_FAMILY = "1,2";
				VALIDATE_PRODUCT = YES;
			};
			name = Release;
		};
		A76E131D1A6F46D40017C497 /* Debug */ = {
			isa = XCBuildConfiguration;
			buildSettings = {
				ASSETCATALOG_COMPILER_APPICON_NAME = AppIcon;
				INFOPLIST_FILE = DatabaseTypeOnSwift/Info.plist;
				LD_RUNPATH_SEARCH_PATHS = "$(inherited) @executable_path/Frameworks";
				PRODUCT_NAME = "$(TARGET_NAME)";
			};
			name = Debug;
		};
		A76E131E1A6F46D40017C497 /* Release */ = {
			isa = XCBuildConfiguration;
			buildSettings = {
				ASSETCATALOG_COMPILER_APPICON_NAME = AppIcon;
				INFOPLIST_FILE = DatabaseTypeOnSwift/Info.plist;
				LD_RUNPATH_SEARCH_PATHS = "$(inherited) @executable_path/Frameworks";
				PRODUCT_NAME = "$(TARGET_NAME)";
			};
			name = Release;
		};
		A76E13201A6F46D40017C497 /* Debug */ = {
			isa = XCBuildConfiguration;
			buildSettings = {
				BUNDLE_LOADER = "$(TEST_HOST)";
				FRAMEWORK_SEARCH_PATHS = (
					"$(SDKROOT)/Developer/Library/Frameworks",
					"$(inherited)",
				);
				GCC_PREPROCESSOR_DEFINITIONS = (
					"DEBUG=1",
					"$(inherited)",
				);
				INFOPLIST_FILE = DatabaseTypeOnSwiftTests/Info.plist;
				LD_RUNPATH_SEARCH_PATHS = "$(inherited) @executable_path/Frameworks @loader_path/Frameworks";
				PRODUCT_NAME = "$(TARGET_NAME)";
				TEST_HOST = "$(BUILT_PRODUCTS_DIR)/DatabaseTypeOnSwift.app/DatabaseTypeOnSwift";
			};
			name = Debug;
		};
		A76E13211A6F46D40017C497 /* Release */ = {
			isa = XCBuildConfiguration;
			buildSettings = {
				BUNDLE_LOADER = "$(TEST_HOST)";
				FRAMEWORK_SEARCH_PATHS = (
					"$(SDKROOT)/Developer/Library/Frameworks",
					"$(inherited)",
				);
				INFOPLIST_FILE = DatabaseTypeOnSwiftTests/Info.plist;
				LD_RUNPATH_SEARCH_PATHS = "$(inherited) @executable_path/Frameworks @loader_path/Frameworks";
				PRODUCT_NAME = "$(TARGET_NAME)";
				TEST_HOST = "$(BUILT_PRODUCTS_DIR)/DatabaseTypeOnSwift.app/DatabaseTypeOnSwift";
			};
			name = Release;
		};
/* End XCBuildConfiguration section */

/* Begin XCConfigurationList section */
		A76E12F51A6F46D20017C497 /* Build configuration list for PBXProject "DatabaseTypeOnSwift" */ = {
			isa = XCConfigurationList;
			buildConfigurations = (
				A76E131A1A6F46D40017C497 /* Debug */,
				A76E131B1A6F46D40017C497 /* Release */,
			);
			defaultConfigurationIsVisible = 0;
			defaultConfigurationName = Release;
		};
		A76E131C1A6F46D40017C497 /* Build configuration list for PBXNativeTarget "DatabaseTypeOnSwift" */ = {
			isa = XCConfigurationList;
			buildConfigurations = (
				A76E131D1A6F46D40017C497 /* Debug */,
				A76E131E1A6F46D40017C497 /* Release */,
			);
			defaultConfigurationIsVisible = 0;
			defaultConfigurationName = Release;
		};
		A76E131F1A6F46D40017C497 /* Build configuration list for PBXNativeTarget "DatabaseTypeOnSwiftTests" */ = {
			isa = XCConfigurationList;
			buildConfigurations = (
				A76E13201A6F46D40017C497 /* Debug */,
				A76E13211A6F46D40017C497 /* Release */,
			);
			defaultConfigurationIsVisible = 0;
			defaultConfigurationName = Release;
		};
/* End XCConfigurationList section */

/* Begin XCVersionGroup section */
		A76E13011A6F46D40017C497 /* DatabaseTypeOnSwift.xcdatamodeld */ = {
			isa = XCVersionGroup;
			children = (
				A76E13021A6F46D40017C497 /* DatabaseTypeOnSwift.xcdatamodel */,
			);
			currentVersion = A76E13021A6F46D40017C497 /* DatabaseTypeOnSwift.xcdatamodel */;
			path = DatabaseTypeOnSwift.xcdatamodeld;
			sourceTree = "<group>";
			versionGroupType = wrapper.xcdatamodel;
		};
/* End XCVersionGroup section */
	};
	rootObject = A76E12F21A6F46D20017C497 /* Project object */;
}
